
Microsoft Visual Studio Solution File, Format Version 12.00
# Visual Studio Version 16
VisualStudioVersion = 16.0.31321.278
MinimumVisualStudioVersion = 10.0.40219.1
Project("{FAE04EC0-301F-11D3-BF4B-00C04F79EFBC}") = "HeatRequest.API", "HeatRequest.API\HeatRequest.API.csproj", "{6C84D274-1225-4A6D-9DD6-78B43F4493BC}"
EndProject
Global
	GlobalSection(SolutionConfigurationPlatforms) = preSolution
		Debug|Any CPU = Debug|Any CPU
		Release|Any CPU = Release|Any CPU
	EndGlobalSection
	GlobalSection(ProjectConfigurationPlatforms) = postSolution
		{6C84D274-1225-4A6D-9DD6-78B43F4493BC}.Debug|Any CPU.ActiveCfg = Debug|Any CPU
		{6C84D274-1225-4A6D-9DD6-78B43F4493BC}.Debug|Any CPU.Build.0 = Debug|Any CPU
		{6C84D274-1225-4A6D-9DD6-78B43F4493BC}.Release|Any CPU.ActiveCfg = Release|Any CPU
		{6C84D274-1225-4A6D-9DD6-78B43F4493BC}.Release|Any CPU.Build.0 = Release|Any CPU
	EndGlobalSection
	GlobalSection(SolutionProperties) = preSolution
		HideSolutionNode = FALSE
	EndGlobalSection
	GlobalSection(ExtensibilityGlobals) = postSolution
		SolutionGuid = {A84F621C-386E-42A5-A047-90794F4C2ACC}
	EndGlobalSection
EndGlobal
